// !$*UTF8*$!
{
	archiveVersion = 1;
	classes = {
	};
	objectVersion = 55;
	objects = {

/* Begin PBXBuildFile section */
		A63F96472758A7F10097D6A8 /* AppDelegate.swift in Sources */ = {isa = PBXBuildFile; fileRef = A63F96462758A7F10097D6A8 /* AppDelegate.swift */; };
		A63F96492758A7F10097D6A8 /* SceneDelegate.swift in Sources */ = {isa = PBXBuildFile; fileRef = A63F96482758A7F10097D6A8 /* SceneDelegate.swift */; };
		A63F964B2758A7F10097D6A8 /* ViewController.swift in Sources */ = {isa = PBXBuildFile; fileRef = A63F964A2758A7F10097D6A8 /* ViewController.swift */; };
		A63F964E2758A7F10097D6A8 /* Main.storyboard in Resources */ = {isa = PBXBuildFile; fileRef = A63F964C2758A7F10097D6A8 /* Main.storyboard */; };
		A63F96502758A7F30097D6A8 /* Assets.xcassets in Resources */ = {isa = PBXBuildFile; fileRef = A63F964F2758A7F30097D6A8 /* Assets.xcassets */; };
		A63F96532758A7F30097D6A8 /* LaunchScreen.storyboard in Resources */ = {isa = PBXBuildFile; fileRef = A63F96512758A7F30097D6A8 /* LaunchScreen.storyboard */; };
		A63F965B2758AD440097D6A8 /* CandidateViewController.swift in Sources */ = {isa = PBXBuildFile; fileRef = A63F965A2758AD440097D6A8 /* CandidateViewController.swift */; };
		A63F965D2758AD6D0097D6A8 /* SelectedViewController.swift in Sources */ = {isa = PBXBuildFile; fileRef = A63F965C2758AD6D0097D6A8 /* SelectedViewController.swift */; };
		A63F965F2758AFC70097D6A8 /* Candidate.swift in Sources */ = {isa = PBXBuildFile; fileRef = A63F965E2758AFC70097D6A8 /* Candidate.swift */; };
		A63F96622758E26D0097D6A8 /* CandidateTableViewCell.swift in Sources */ = {isa = PBXBuildFile; fileRef = A63F96602758E26D0097D6A8 /* CandidateTableViewCell.swift */; };
		A63F96632758E26D0097D6A8 /* CandidateTableViewCell.xib in Resources */ = {isa = PBXBuildFile; fileRef = A63F96612758E26D0097D6A8 /* CandidateTableViewCell.xib */; };
		A63F96652758FB6E0097D6A8 /* DetailViewController.swift in Sources */ = {isa = PBXBuildFile; fileRef = A63F96642758FB6E0097D6A8 /* DetailViewController.swift */; };
/* End PBXBuildFile section */

/* Begin PBXFileReference section */
		A63F96432758A7F10097D6A8 /* CandidataDetails.app */ = {isa = PBXFileReference; explicitFileType = wrapper.application; includeInIndex = 0; path = CandidataDetails.app; sourceTree = BUILT_PRODUCTS_DIR; };
		A63F96462758A7F10097D6A8 /* AppDelegate.swift */ = {isa = PBXFileReference; lastKnownFileType = sourcecode.swift; path = AppDelegate.swift; sourceTree = "<group>"; };
		A63F96482758A7F10097D6A8 /* SceneDelegate.swift */ = {isa = PBXFileReference; lastKnownFileType = sourcecode.swift; path = SceneDelegate.swift; sourceTree = "<group>"; };
		A63F964A2758A7F10097D6A8 /* ViewController.swift */ = {isa = PBXFileReference; lastKnownFileType = sourcecode.swift; path = ViewController.swift; sourceTree = "<group>"; };
		A63F964D2758A7F10097D6A8 /* Base */ = {isa = PBXFileReference; lastKnownFileType = file.storyboard; name = Base; path = Base.lproj/Main.storyboard; sourceTree = "<group>"; };
		A63F964F2758A7F30097D6A8 /* Assets.xcassets */ = {isa = PBXFileReference; lastKnownFileType = folder.assetcatalog; path = Assets.xcassets; sourceTree = "<group>"; };
		A63F96522758A7F30097D6A8 /* Base */ = {isa = PBXFileReference; lastKnownFileType = file.storyboard; name = Base; path = Base.lproj/LaunchScreen.storyboard; sourceTree = "<group>"; };
		A63F96542758A7F30097D6A8 /* Info.plist */ = {isa = PBXFileReference; lastKnownFileType = text.plist.xml; path = Info.plist; sourceTree = "<group>"; };
		A63F965A2758AD440097D6A8 /* CandidateViewController.swift */ = {isa = PBXFileReference; lastKnownFileType = sourcecode.swift; path = CandidateViewController.swift; sourceTree = "<group>"; };
		A63F965C2758AD6D0097D6A8 /* SelectedViewController.swift */ = {isa = PBXFileReference; lastKnownFileType = sourcecode.swift; path = SelectedViewController.swift; sourceTree = "<group>"; };
		A63F965E2758AFC70097D6A8 /* Candidate.swift */ = {isa = PBXFileReference; lastKnownFileType = sourcecode.swift; path = Candidate.swift; sourceTree = "<group>"; };
		A63F96602758E26D0097D6A8 /* CandidateTableViewCell.swift */ = {isa = PBXFileReference; lastKnownFileType = sourcecode.swift; path = CandidateTableViewCell.swift; sourceTree = "<group>"; };
		A63F96612758E26D0097D6A8 /* CandidateTableViewCell.xib */ = {isa = PBXFileReference; lastKnownFileType = file.xib; path = CandidateTableViewCell.xib; sourceTree = "<group>"; };
		A63F96642758FB6E0097D6A8 /* DetailViewController.swift */ = {isa = PBXFileReference; lastKnownFileType = sourcecode.swift; path = DetailViewController.swift; sourceTree = "<group>"; };
/* End PBXFileReference section */

/* Begin PBXFrameworksBuildPhase section */
		A63F96402758A7F10097D6A8 /* Frameworks */ = {
			isa = PBXFrameworksBuildPhase;
			buildActionMask = 2147483647;
			files = (
			);
			runOnlyForDeploymentPostprocessing = 0;
		};
/* End PBXFrameworksBuildPhase section */

/* Begin PBXGroup section */
		A63F963A2758A7F10097D6A8 = {
			isa = PBXGroup;
			children = (
				A63F96452758A7F10097D6A8 /* CandidataDetails */,
				A63F96442758A7F10097D6A8 /* Products */,
			);
			sourceTree = "<group>";
		};
		A63F96442758A7F10097D6A8 /* Products */ = {
			isa = PBXGroup;
			children = (
				A63F96432758A7F10097D6A8 /* CandidataDetails.app */,
			);
			name = Products;
			sourceTree = "<group>";
		};
		A63F96452758A7F10097D6A8 /* CandidataDetails */ = {
			isa = PBXGroup;
			children = (
				A63F96462758A7F10097D6A8 /* AppDelegate.swift */,
				A63F96482758A7F10097D6A8 /* SceneDelegate.swift */,
				A63F964A2758A7F10097D6A8 /* ViewController.swift */,
				A63F964C2758A7F10097D6A8 /* Main.storyboard */,
				A63F964F2758A7F30097D6A8 /* Assets.xcassets */,
				A63F96512758A7F30097D6A8 /* LaunchScreen.storyboard */,
				A63F96542758A7F30097D6A8 /* Info.plist */,
				A63F965A2758AD440097D6A8 /* CandidateViewController.swift */,
				A63F965C2758AD6D0097D6A8 /* SelectedViewController.swift */,
				A63F965E2758AFC70097D6A8 /* Candidate.swift */,
				A63F96602758E26D0097D6A8 /* CandidateTableViewCell.swift */,
				A63F96612758E26D0097D6A8 /* CandidateTableViewCell.xib */,
				A63F96642758FB6E0097D6A8 /* DetailViewController.swift */,
			);
			path = CandidataDetails;
			sourceTree = "<group>";
		};
/* End PBXGroup section */

/* Begin PBXNativeTarget section */
		A63F96422758A7F10097D6A8 /* CandidataDetails */ = {
			isa = PBXNativeTarget;
			buildConfigurationList = A63F96572758A7F30097D6A8 /* Build configuration list for PBXNativeTarget "CandidataDetails" */;
			buildPhases = (
				A63F963F2758A7F10097D6A8 /* Sources */,
				A63F96402758A7F10097D6A8 /* Frameworks */,
				A63F96412758A7F10097D6A8 /* Resources */,
			);
			buildRules = (
			);
			dependencies = (
			);
			name = CandidataDetails;
			productName = CandidataDetails;
			productReference = A63F96432758A7F10097D6A8 /* CandidataDetails.app */;
			productType = "com.apple.product-type.application";
		};
/* End PBXNativeTarget section */

/* Begin PBXProject section */
		A63F963B2758A7F10097D6A8 /* Project object */ = {
			isa = PBXProject;
			attributes = {
				BuildIndependentTargetsInParallel = 1;
				LastSwiftUpdateCheck = 1300;
				LastUpgradeCheck = 1300;
				TargetAttributes = {
					A63F96422758A7F10097D6A8 = {
						CreatedOnToolsVersion = 13.0;
					};
				};
			};
			buildConfigurationList = A63F963E2758A7F10097D6A8 /* Build configuration list for PBXProject "CandidataDetails" */;
			compatibilityVersion = "Xcode 13.0";
			developmentRegion = en;
			hasScannedForEncodings = 0;
			knownRegions = (
				en,
				Base,
			);
			mainGroup = A63F963A2758A7F10097D6A8;
			productRefGroup = A63F96442758A7F10097D6A8 /* Products */;
			projectDirPath = "";
			projectRoot = "";
			targets = (
				A63F96422758A7F10097D6A8 /* CandidataDetails */,
			);
		};
/* End PBXProject section */

/* Begin PBXResourcesBuildPhase section */
		A63F96412758A7F10097D6A8 /* Resources */ = {
			isa = PBXResourcesBuildPhase;
			buildActionMask = 2147483647;
			files = (
				A63F96532758A7F30097D6A8 /* LaunchScreen.storyboard in Resources */,
				A63F96502758A7F30097D6A8 /* Assets.xcassets in Resources */,
				A63F964E2758A7F10097D6A8 /* Main.storyboard in Resources */,
				A63F96632758E26D0097D6A8 /* CandidateTableViewCell.xib in Resources */,
			);
			runOnlyForDeploymentPostprocessing = 0;
		};
/* End PBXResourcesBuildPhase section */

/* Begin PBXSourcesBuildPhase section */
		A63F963F2758A7F10097D6A8 /* Sources */ = {
			isa = PBXSourcesBuildPhase;
			buildActionMask = 2147483647;
			files = (
				A63F965B2758AD440097D6A8 /* CandidateViewController.swift in Sources */,
				A63F964B2758A7F10097D6A8 /* ViewController.swift in Sources */,
				A63F965D2758AD6D0097D6A8 /* SelectedViewController.swift in Sources */,
				A63F965F2758AFC70097D6A8 /* Candidate.swift in Sources */,
				A63F96472758A7F10097D6A8 /* AppDelegate.swift in Sources */,
				A63F96492758A7F10097D6A8 /* SceneDelegate.swift in Sources */,
				A63F96622758E26D0097D6A8 /* CandidateTableViewCell.swift in Sources */,
				A63F96652758FB6E0097D6A8 /* DetailViewController.swift in Sources */,
			);
			runOnlyForDeploymentPostprocessing = 0;
		};
/* End PBXSourcesBuildPhase section */

/* Begin PBXVariantGroup section */
		A63F964C2758A7F10097D6A8 /* Main.storyboard */ = {
			isa = PBXVariantGroup;
			children = (
				A63F964D2758A7F10097D6A8 /* Base */,
			);
			name = Main.storyboard;
			sourceTree = "<group>";
		};
		A63F96512758A7F30097D6A8 /* LaunchScreen.storyboard */ = {
			isa = PBXVariantGroup;
			children = (
				A63F96522758A7F30097D6A8 /* Base */,
			);
			name = LaunchScreen.storyboard;
			sourceTree = "<group>";
		};
/* End PBXVariantGroup section */

/* Begin XCBuildConfiguration section */
		A63F96552758A7F30097D6A8 /* Debug */ = {
			isa = XCBuildConfiguration;
			buildSettings = {
				ALWAYS_SEARCH_USER_PATHS = NO;
				CLANG_ANALYZER_NONNULL = YES;
				CLANG_ANALYZER_NUMBER_OBJECT_CONVERSION = YES_AGGRESSIVE;
				CLANG_CXX_LANGUAGE_STANDARD = "gnu++17";
				CLANG_CXX_LIBRARY = "libc++";
				CLANG_ENABLE_MODULES = YES;
				CLANG_ENABLE_OBJC_ARC = YES;
				CLANG_ENABLE_OBJC_WEAK = YES;
				CLANG_WARN_BLOCK_CAPTURE_AUTORELEASING = YES;
				CLANG_WARN_BOOL_CONVERSION = YES;
				CLANG_WARN_COMMA = YES;
				CLANG_WARN_CONSTANT_CONVERSION = YES;
				CLANG_WARN_DEPRECATED_OBJC_IMPLEMENTATIONS = YES;
				CLANG_WARN_DIRECT_OBJC_ISA_USAGE = YES_ERROR;
				CLANG_WARN_DOCUMENTATION_COMMENTS = YES;
				CLANG_WARN_EMPTY_BODY = YES;
				CLANG_WARN_ENUM_CONVERSION = YES;
				CLANG_WARN_INFINITE_RECURSION = YES;
				CLANG_WARN_INT_CONVERSION = YES;
				CLANG_WARN_NON_LITERAL_NULL_CONVERSION = YES;
				CLANG_WARN_OBJC_IMPLICIT_RETAIN_SELF = YES;
				CLANG_WARN_OBJC_LITERAL_CONVERSION = YES;
				CLANG_WARN_OBJC_ROOT_CLASS = YES_ERROR;
				CLANG_WARN_QUOTED_INCLUDE_IN_FRAMEWORK_HEADER = YES;
				CLANG_WARN_RANGE_LOOP_ANALYSIS = YES;
				CLANG_WARN_STRICT_PROTOTYPES = YES;
				CLANG_WARN_SUSPICIOUS_MOVE = YES;
				CLANG_WARN_UNGUARDED_AVAILABILITY = YES_AGGRESSIVE;
				CLANG_WARN_UNREACHABLE_CODE = YES;
				CLANG_WARN__DUPLICATE_METHOD_MATCH = YES;
				COPY_PHASE_STRIP = NO;
				DEBUG_INFORMATION_FORMAT = dwarf;
				ENABLE_STRICT_OBJC_MSGSEND = YES;
				ENABLE_TESTABILITY = YES;
				GCC_C_LANGUAGE_STANDARD = gnu11;
				GCC_DYNAMIC_NO_PIC = NO;
				GCC_NO_COMMON_BLOCKS = YES;
				GCC_OPTIMIZATION_LEVEL = 0;
				GCC_PREPROCESSOR_DEFINITIONS = (
					"DEBUG=1",
					"$(inherited)",
				);
				GCC_WARN_64_TO_32_BIT_CONVERSION = YES;
				GCC_WARN_ABOUT_RETURN_TYPE = YES_ERROR;
				GCC_WARN_UNDECLARED_SELECTOR = YES;
				GCC_WARN_UNINITIALIZED_AUTOS = YES_AGGRESSIVE;
				GCC_WARN_UNUSED_FUNCTION = YES;
				GCC_WARN_UNUSED_VARIABLE = YES;
				IPHONEOS_DEPLOYMENT_TARGET = 15.0;
				MTL_ENABLE_DEBUG_INFO = INCLUDE_SOURCE;
				MTL_FAST_MATH = YES;
				ONLY_ACTIVE_ARCH = YES;
				SDKROOT = iphoneos;
				SWIFT_ACTIVE_COMPILATION_CONDITIONS = DEBUG;
				SWIFT_OPTIMIZATION_LEVEL = "-Onone";
			};
			name = Debug;
		};
		A63F96562758A7F30097D6A8 /* Release */ = {
			isa = XCBuildConfiguration;
			buildSettings = {
				ALWAYS_SEARCH_USER_PATHS = NO;
				CLANG_ANALYZER_NONNULL = YES;
				CLANG_ANALYZER_NUMBER_OBJECT_CONVERSION = YES_AGGRESSIVE;
				CLANG_CXX_LANGUAGE_STANDARD = "gnu++17";
				CLANG_CXX_LIBRARY = "libc++";
				CLANG_ENABLE_MODULES = YES;
				CLANG_ENABLE_OBJC_ARC = YES;
				CLANG_ENABLE_OBJC_WEAK = YES;
				CLANG_WARN_BLOCK_CAPTURE_AUTORELEASING = YES;
				CLANG_WARN_BOOL_CONVERSION = YES;
				CLANG_WARN_COMMA = YES;
				CLANG_WARN_CONSTANT_CONVERSION = YES;
				CLANG_WARN_DEPRECATED_OBJC_IMPLEMENTATIONS = YES;
				CLANG_WARN_DIRECT_OBJC_ISA_USAGE = YES_ERROR;
				CLANG_WARN_DOCUMENTATION_COMMENTS = YES;
				CLANG_WARN_EMPTY_BODY = YES;
				CLANG_WARN_ENUM_CONVERSION = YES;
				CLANG_WARN_INFINITE_RECURSION = YES;
				CLANG_WARN_INT_CONVERSION = YES;
				CLANG_WARN_NON_LITERAL_NULL_CONVERSION = YES;
				CLANG_WARN_OBJC_IMPLICIT_RETAIN_SELF = YES;
				CLANG_WARN_OBJC_LITERAL_CONVERSION = YES;
				CLANG_WARN_OBJC_ROOT_CLASS = YES_ERROR;
				CLANG_WARN_QUOTED_INCLUDE_IN_FRAMEWORK_HEADER = YES;
				CLANG_WARN_RANGE_LOOP_ANALYSIS = YES;
				CLANG_WARN_STRICT_PROTOTYPES = YES;
				CLANG_WARN_SUSPICIOUS_MOVE = YES;
				CLANG_WARN_UNGUARDED_AVAILABILITY = YES_AGGRESSIVE;
				CLANG_WARN_UNREACHABLE_CODE = YES;
				CLANG_WARN__DUPLICATE_METHOD_MATCH = YES;
				COPY_PHASE_STRIP = NO;
				DEBUG_INFORMATION_FORMAT = "dwarf-with-dsym";
				ENABLE_NS_ASSERTIONS = NO;
				ENABLE_STRICT_OBJC_MSGSEND = YES;
				GCC_C_LANGUAGE_STANDARD = gnu11;
				GCC_NO_COMMON_BLOCKS = YES;
				GCC_WARN_64_TO_32_BIT_CONVERSION = YES;
				GCC_WARN_ABOUT_RETURN_TYPE = YES_ERROR;
				GCC_WARN_UNDECLARED_SELECTOR = YES;
				GCC_WARN_UNINITIALIZED_AUTOS = YES_AGGRESSIVE;
				GCC_WARN_UNUSED_FUNCTION = YES;
				GCC_WARN_UNUSED_VARIABLE = YES;
				IPHONEOS_DEPLOYMENT_TARGET = 15.0;
				MTL_ENABLE_DEBUG_INFO = NO;
				MTL_FAST_MATH = YES;
				SDKROOT = iphoneos;
				SWIFT_COMPILATION_MODE = wholemodule;
				SWIFT_OPTIMIZATION_LEVEL = "-O";
				VALIDATE_PRODUCT = YES;
			};
			name = Release;
		};
		A63F96582758A7F30097D6A8 /* Debug */ = {
			isa = XCBuildConfiguration;
			buildSettings = {
				ASSETCATALOG_COMPILER_APPICON_NAME = AppIcon;
				ASSETCATALOG_COMPILER_GLOBAL_ACCENT_COLOR_NAME = AccentColor;
				CODE_SIGN_STYLE = Automatic;
				CURRENT_PROJECT_VERSION = 1;
				DEVELOPMENT_TEAM = 89R9K4QY9R;
				GENERATE_INFOPLIST_FILE = YES;
				INFOPLIST_FILE = CandidataDetails/Info.plist;
				INFOPLIST_KEY_UIApplicationSupportsIndirectInputEvents = YES;
				INFOPLIST_KEY_UILaunchStoryboardName = LaunchScreen;
				INFOPLIST_KEY_UIMainStoryboardFile = Main;
				INFOPLIST_KEY_UISupportedInterfaceOrientations_iPad = "UIInterfaceOrientationPortrait UIInterfaceOrientationPortraitUpsideDown UIInterfaceOrientationLandscapeLeft UIInterfaceOrientationLandscapeRight";
				INFOPLIST_KEY_UISupportedInterfaceOrientations_iPhone = "UIInterfaceOrientationPortrait UIInterfaceOrientationLandscapeLeft UIInterfaceOrientationLandscapeRight";
				LD_RUNPATH_SEARCH_PATHS = (
					"$(inherited)",
					"@executable_path/Frameworks",
				);
				MARKETING_VERSION = 1.0;
				PRODUCT_BUNDLE_IDENTIFIER = com.lvp.CandidataDetails;
				PRODUCT_NAME = "$(TARGET_NAME)";
				SWIFT_EMIT_LOC_STRINGS = YES;
				SWIFT_VERSION = 5.0;
				TARGETED_DEVICE_FAMILY = "1,2";
			};
			name = Debug;
		};
		A63F96592758A7F30097D6A8 /* Release */ = {
			isa = XCBuildConfiguration;
			buildSettings = {
				ASSETCATALOG_COMPILER_APPICON_NAME = AppIcon;
				ASSETCATALOG_COMPILER_GLOBAL_ACCENT_COLOR_NAME = AccentColor;
				CODE_SIGN_STYLE = Automatic;
				CURRENT_PROJECT_VERSION = 1;
				DEVELOPMENT_TEAM = 89R9K4QY9R;
				GENERATE_INFOPLIST_FILE = YES;
				INFOPLIST_FILE = CandidataDetails/Info.plist;
				INFOPLIST_KEY_UIApplicationSupportsIndirectInputEvents = YES;
				INFOPLIST_KEY_UILaunchStoryboardName = LaunchScreen;
				INFOPLIST_KEY_UIMainStoryboardFile = Main;
				INFOPLIST_KEY_UISupportedInterfaceOrientations_iPad = "UIInterfaceOrientationPortrait UIInterfaceOrientationPortraitUpsideDown UIInterfaceOrientationLandscapeLeft UIInterfaceOrientationLandscapeRight";
				INFOPLIST_KEY_UISupportedInterfaceOrientations_iPhone = "UIInterfaceOrientationPortrait UIInterfaceOrientationLandscapeLeft UIInterfaceOrientationLandscapeRight";
				LD_RUNPATH_SEARCH_PATHS = (
					"$(inherited)",
					"@executable_path/Frameworks",
				);
				MARKETING_VERSION = 1.0;
				PRODUCT_BUNDLE_IDENTIFIER = com.lvp.CandidataDetails;
				PRODUCT_NAME = "$(TARGET_NAME)";
				SWIFT_EMIT_LOC_STRINGS = YES;
				SWIFT_VERSION = 5.0;
				TARGETED_DEVICE_FAMILY = "1,2";
			};
			name = Release;
		};
/* End XCBuildConfiguration section */

/* Begin XCConfigurationList section */
		A63F963E2758A7F10097D6A8 /* Build configuration list for PBXProject "CandidataDetails" */ = {
			isa = XCConfigurationList;
			buildConfigurations = (
				A63F96552758A7F30097D6A8 /* Debug */,
				A63F96562758A7F30097D6A8 /* Release */,
			);
			defaultConfigurationIsVisible = 0;
			defaultConfigurationName = Release;
		};
		A63F96572758A7F30097D6A8 /* Build configuration list for PBXNativeTarget "CandidataDetails" */ = {
			isa = XCConfigurationList;
			buildConfigurations = (
				A63F96582758A7F30097D6A8 /* Debug */,
				A63F96592758A7F30097D6A8 /* Release */,
			);
			defaultConfigurationIsVisible = 0;
			defaultConfigurationName = Release;
		};
/* End XCConfigurationList section */
	};
	rootObject = A63F963B2758A7F10097D6A8 /* Project object */;
}
